
Microsoft Visual Studio Solution File, Format Version 11.00
# Visual Studio 2010
Project("{FAE04EC0-301F-11D3-BF4B-00C04F79EFBC}") = "Assembly-CSharp", "Assembly-CSharp.csproj", "{C3395A13-5F9D-3B79-9081-13D0D6F48260}"
EndProject
Project("{FAE04EC0-301F-11D3-BF4B-00C04F79EFBC}") = "Unity.Recorder", "Unity.Recorder.csproj", "{83C48DA0-5D11-8D53-8D33-EEE69E2CE325}"
EndProject
Project("{FAE04EC0-301F-11D3-BF4B-00C04F79EFBC}") = "Unity.Recorder.Editor", "Unity.Recorder.Editor.csproj", "{338EF78F-15E1-C2E0-968C-B028E15B3490}"
EndProject
Global
	GlobalSection(SolutionConfigurationPlatforms) = preSolution
		Debug|Any CPU = Debug|Any CPU
		Release|Any CPU = Release|Any CPU
	EndGlobalSection
	GlobalSection(ProjectConfigurationPlatforms) = postSolution
		{C3395A13-5F9D-3B79-9081-13D0D6F48260}.Debug|Any CPU.ActiveCfg = Debug|Any CPU
		{C3395A13-5F9D-3B79-9081-13D0D6F48260}.Debug|Any CPU.Build.0 = Debug|Any CPU
		{C3395A13-5F9D-3B79-9081-13D0D6F48260}.Release|Any CPU.ActiveCfg = Release|Any CPU
		{C3395A13-5F9D-3B79-9081-13D0D6F48260}.Release|Any CPU.Build.0 = Release|Any CPU
		{83C48DA0-5D11-8D53-8D33-EEE69E2CE325}.Debug|Any CPU.ActiveCfg = Debug|Any CPU
		{83C48DA0-5D11-8D53-8D33-EEE69E2CE325}.Debug|Any CPU.Build.0 = Debug|Any CPU
		{83C48DA0-5D11-8D53-8D33-EEE69E2CE325}.Release|Any CPU.ActiveCfg = Release|Any CPU
		{83C48DA0-5D11-8D53-8D33-EEE69E2CE325}.Release|Any CPU.Build.0 = Release|Any CPU
		{338EF78F-15E1-C2E0-968C-B028E15B3490}.Debug|Any CPU.ActiveCfg = Debug|Any CPU
		{338EF78F-15E1-C2E0-968C-B028E15B3490}.Debug|Any CPU.Build.0 = Debug|Any CPU
		{338EF78F-15E1-C2E0-968C-B028E15B3490}.Release|Any CPU.ActiveCfg = Release|Any CPU
		{338EF78F-15E1-C2E0-968C-B028E15B3490}.Release|Any CPU.Build.0 = Release|Any CPU
	EndGlobalSection
	GlobalSection(SolutionProperties) = preSolution
		HideSolutionNode = FALSE
	EndGlobalSection
EndGlobal
